
Microsoft Visual Studio Solution File, Format Version 12.00
# Visual Studio 15
VisualStudioVersion = 15.0.26430.16
MinimumVisualStudioVersion = 10.0.40219.1
Project("{FAE04EC0-301F-11D3-BF4B-00C04F79EFBC}") = "07. Food Shortage", "07. Food Shortage\07. Food Shortage.csproj", "{C74243B1-3520-44D3-AE22-FCB5E18F9B60}"
EndProject
Project("{FAE04EC0-301F-11D3-BF4B-00C04F79EFBC}") = "08. Military Elite", "08. Military Elite\08. Military Elite.csproj", "{79A1B9FC-7B0F-47EF-9673-63EAF5369FB4}"
EndProject
Project("{FAE04EC0-301F-11D3-BF4B-00C04F79EFBC}") = "CallHierarhy", "ConsoleApp1\CallHierarhy.csproj", "{DD82FB34-E5C8-4382-A9CC-2D5E947F0AAF}"
EndProject
Global
	GlobalSection(SolutionConfigurationPlatforms) = preSolution
		Debug|Any CPU = Debug|Any CPU
		Release|Any CPU = Release|Any CPU
	EndGlobalSection
	GlobalSection(ProjectConfigurationPlatforms) = postSolution
		{C74243B1-3520-44D3-AE22-FCB5E18F9B60}.Debug|Any CPU.ActiveCfg = Debug|Any CPU
		{C74243B1-3520-44D3-AE22-FCB5E18F9B60}.Debug|Any CPU.Build.0 = Debug|Any CPU
		{C74243B1-3520-44D3-AE22-FCB5E18F9B60}.Release|Any CPU.ActiveCfg = Release|Any CPU
		{C74243B1-3520-44D3-AE22-FCB5E18F9B60}.Release|Any CPU.Build.0 = Release|Any CPU
		{79A1B9FC-7B0F-47EF-9673-63EAF5369FB4}.Debug|Any CPU.ActiveCfg = Debug|Any CPU
		{79A1B9FC-7B0F-47EF-9673-63EAF5369FB4}.Debug|Any CPU.Build.0 = Debug|Any CPU
		{79A1B9FC-7B0F-47EF-9673-63EAF5369FB4}.Release|Any CPU.ActiveCfg = Release|Any CPU
		{79A1B9FC-7B0F-47EF-9673-63EAF5369FB4}.Release|Any CPU.Build.0 = Release|Any CPU
		{DD82FB34-E5C8-4382-A9CC-2D5E947F0AAF}.Debug|Any CPU.ActiveCfg = Debug|Any CPU
		{DD82FB34-E5C8-4382-A9CC-2D5E947F0AAF}.Debug|Any CPU.Build.0 = Debug|Any CPU
		{DD82FB34-E5C8-4382-A9CC-2D5E947F0AAF}.Release|Any CPU.ActiveCfg = Release|Any CPU
		{DD82FB34-E5C8-4382-A9CC-2D5E947F0AAF}.Release|Any CPU.Build.0 = Release|Any CPU
	EndGlobalSection
	GlobalSection(SolutionProperties) = preSolution
		HideSolutionNode = FALSE
	EndGlobalSection
EndGlobal
