
Microsoft Visual Studio Solution File, Format Version 12.00
# Visual Studio 15
VisualStudioVersion = 15.0.26430.6
MinimumVisualStudioVersion = 10.0.40219.1
Project("{FAE04EC0-301F-11D3-BF4B-00C04F79EFBC}") = "01. Generic Box of String", "01. Generic Box of String\01. Generic Box of String.csproj", "{43DBD6AC-D6F9-44B3-933F-339DD1148CA2}"
EndProject
Project("{FAE04EC0-301F-11D3-BF4B-00C04F79EFBC}") = "GenericSwapMethodStrings", "GenericSwapMethodStrings\GenericSwapMethodStrings.csproj", "{CC4B7639-6FB0-4A58-BF7E-FAEA9B830ED5}"
EndProject
Project("{FAE04EC0-301F-11D3-BF4B-00C04F79EFBC}") = "GenericCountMethod", "GenericCountMethod\GenericCountMethod.csproj", "{CF95FBF2-2F23-43DC-B1A7-9A4EDF792982}"
EndProject
Project("{FAE04EC0-301F-11D3-BF4B-00C04F79EFBC}") = "CustomList", "CustomList\CustomList.csproj", "{8A176083-670D-41B8-8317-40C6A29F60D8}"
EndProject
Project("{FAE04EC0-301F-11D3-BF4B-00C04F79EFBC}") = "Tuple", "Tuple\Tuple.csproj", "{E302EFDC-9167-434E-8AFE-D94361032A27}"
EndProject
Project("{FAE04EC0-301F-11D3-BF4B-00C04F79EFBC}") = "Threeuple", "Threeuple\Threeuple.csproj", "{E5C6C6E7-C6FF-46AE-9F1B-118C4BAE8D47}"
EndProject
Global
	GlobalSection(SolutionConfigurationPlatforms) = preSolution
		Debug|Any CPU = Debug|Any CPU
		Release|Any CPU = Release|Any CPU
	EndGlobalSection
	GlobalSection(ProjectConfigurationPlatforms) = postSolution
		{43DBD6AC-D6F9-44B3-933F-339DD1148CA2}.Debug|Any CPU.ActiveCfg = Debug|Any CPU
		{43DBD6AC-D6F9-44B3-933F-339DD1148CA2}.Debug|Any CPU.Build.0 = Debug|Any CPU
		{43DBD6AC-D6F9-44B3-933F-339DD1148CA2}.Release|Any CPU.ActiveCfg = Release|Any CPU
		{43DBD6AC-D6F9-44B3-933F-339DD1148CA2}.Release|Any CPU.Build.0 = Release|Any CPU
		{CC4B7639-6FB0-4A58-BF7E-FAEA9B830ED5}.Debug|Any CPU.ActiveCfg = Debug|Any CPU
		{CC4B7639-6FB0-4A58-BF7E-FAEA9B830ED5}.Debug|Any CPU.Build.0 = Debug|Any CPU
		{CC4B7639-6FB0-4A58-BF7E-FAEA9B830ED5}.Release|Any CPU.ActiveCfg = Release|Any CPU
		{CC4B7639-6FB0-4A58-BF7E-FAEA9B830ED5}.Release|Any CPU.Build.0 = Release|Any CPU
		{CF95FBF2-2F23-43DC-B1A7-9A4EDF792982}.Debug|Any CPU.ActiveCfg = Debug|Any CPU
		{CF95FBF2-2F23-43DC-B1A7-9A4EDF792982}.Debug|Any CPU.Build.0 = Debug|Any CPU
		{CF95FBF2-2F23-43DC-B1A7-9A4EDF792982}.Release|Any CPU.ActiveCfg = Release|Any CPU
		{CF95FBF2-2F23-43DC-B1A7-9A4EDF792982}.Release|Any CPU.Build.0 = Release|Any CPU
		{8A176083-670D-41B8-8317-40C6A29F60D8}.Debug|Any CPU.ActiveCfg = Debug|Any CPU
		{8A176083-670D-41B8-8317-40C6A29F60D8}.Debug|Any CPU.Build.0 = Debug|Any CPU
		{8A176083-670D-41B8-8317-40C6A29F60D8}.Release|Any CPU.ActiveCfg = Release|Any CPU
		{8A176083-670D-41B8-8317-40C6A29F60D8}.Release|Any CPU.Build.0 = Release|Any CPU
		{E302EFDC-9167-434E-8AFE-D94361032A27}.Debug|Any CPU.ActiveCfg = Debug|Any CPU
		{E302EFDC-9167-434E-8AFE-D94361032A27}.Debug|Any CPU.Build.0 = Debug|Any CPU
		{E302EFDC-9167-434E-8AFE-D94361032A27}.Release|Any CPU.ActiveCfg = Release|Any CPU
		{E302EFDC-9167-434E-8AFE-D94361032A27}.Release|Any CPU.Build.0 = Release|Any CPU
		{E5C6C6E7-C6FF-46AE-9F1B-118C4BAE8D47}.Debug|Any CPU.ActiveCfg = Debug|Any CPU
		{E5C6C6E7-C6FF-46AE-9F1B-118C4BAE8D47}.Debug|Any CPU.Build.0 = Debug|Any CPU
		{E5C6C6E7-C6FF-46AE-9F1B-118C4BAE8D47}.Release|Any CPU.ActiveCfg = Release|Any CPU
		{E5C6C6E7-C6FF-46AE-9F1B-118C4BAE8D47}.Release|Any CPU.Build.0 = Release|Any CPU
	EndGlobalSection
	GlobalSection(SolutionProperties) = preSolution
		HideSolutionNode = FALSE
	EndGlobalSection
EndGlobal
