
Microsoft Visual Studio Solution File, Format Version 12.00
# Visual Studio 15
VisualStudioVersion = 15.0.26430.16
MinimumVisualStudioVersion = 10.0.40219.1
Project("{FAE04EC0-301F-11D3-BF4B-00C04F79EFBC}") = "CardSuit", "CardSuit\CardSuit.csproj", "{0272C3B1-8BA3-47C7-A6CD-8EA73CE1707F}"
EndProject
Project("{FAE04EC0-301F-11D3-BF4B-00C04F79EFBC}") = "CardPower", "CardPower\CardPower.csproj", "{C73B0D02-BDF1-4AA5-BB4A-A7074207B467}"
EndProject
Project("{FAE04EC0-301F-11D3-BF4B-00C04F79EFBC}") = "TrafficLights", "TrafficLights\TrafficLights.csproj", "{9D6F171C-23BB-49BC-9152-1EE798EDA290}"
EndProject
Project("{FAE04EC0-301F-11D3-BF4B-00C04F79EFBC}") = "InfernoInfinity", "InfernoInfinity\InfernoInfinity.csproj", "{320077B0-E151-44A7-9ADA-F9F59F3FE365}"
EndProject
Project("{FAE04EC0-301F-11D3-BF4B-00C04F79EFBC}") = "MyAttributeAndEnumeration", "MyAttributeAndEnumeration\MyAttributeAndEnumeration.csproj", "{88CE5C92-D5E2-48FA-9A47-7E34B3FDDC16}"
EndProject
Global
	GlobalSection(SolutionConfigurationPlatforms) = preSolution
		Debug|Any CPU = Debug|Any CPU
		Release|Any CPU = Release|Any CPU
	EndGlobalSection
	GlobalSection(ProjectConfigurationPlatforms) = postSolution
		{0272C3B1-8BA3-47C7-A6CD-8EA73CE1707F}.Debug|Any CPU.ActiveCfg = Debug|Any CPU
		{0272C3B1-8BA3-47C7-A6CD-8EA73CE1707F}.Debug|Any CPU.Build.0 = Debug|Any CPU
		{0272C3B1-8BA3-47C7-A6CD-8EA73CE1707F}.Release|Any CPU.ActiveCfg = Release|Any CPU
		{0272C3B1-8BA3-47C7-A6CD-8EA73CE1707F}.Release|Any CPU.Build.0 = Release|Any CPU
		{C73B0D02-BDF1-4AA5-BB4A-A7074207B467}.Debug|Any CPU.ActiveCfg = Debug|Any CPU
		{C73B0D02-BDF1-4AA5-BB4A-A7074207B467}.Debug|Any CPU.Build.0 = Debug|Any CPU
		{C73B0D02-BDF1-4AA5-BB4A-A7074207B467}.Release|Any CPU.ActiveCfg = Release|Any CPU
		{C73B0D02-BDF1-4AA5-BB4A-A7074207B467}.Release|Any CPU.Build.0 = Release|Any CPU
		{9D6F171C-23BB-49BC-9152-1EE798EDA290}.Debug|Any CPU.ActiveCfg = Debug|Any CPU
		{9D6F171C-23BB-49BC-9152-1EE798EDA290}.Debug|Any CPU.Build.0 = Debug|Any CPU
		{9D6F171C-23BB-49BC-9152-1EE798EDA290}.Release|Any CPU.ActiveCfg = Release|Any CPU
		{9D6F171C-23BB-49BC-9152-1EE798EDA290}.Release|Any CPU.Build.0 = Release|Any CPU
		{320077B0-E151-44A7-9ADA-F9F59F3FE365}.Debug|Any CPU.ActiveCfg = Debug|Any CPU
		{320077B0-E151-44A7-9ADA-F9F59F3FE365}.Debug|Any CPU.Build.0 = Debug|Any CPU
		{320077B0-E151-44A7-9ADA-F9F59F3FE365}.Release|Any CPU.ActiveCfg = Release|Any CPU
		{320077B0-E151-44A7-9ADA-F9F59F3FE365}.Release|Any CPU.Build.0 = Release|Any CPU
		{88CE5C92-D5E2-48FA-9A47-7E34B3FDDC16}.Debug|Any CPU.ActiveCfg = Debug|Any CPU
		{88CE5C92-D5E2-48FA-9A47-7E34B3FDDC16}.Debug|Any CPU.Build.0 = Debug|Any CPU
		{88CE5C92-D5E2-48FA-9A47-7E34B3FDDC16}.Release|Any CPU.ActiveCfg = Release|Any CPU
		{88CE5C92-D5E2-48FA-9A47-7E34B3FDDC16}.Release|Any CPU.Build.0 = Release|Any CPU
	EndGlobalSection
	GlobalSection(SolutionProperties) = preSolution
		HideSolutionNode = FALSE
	EndGlobalSection
EndGlobal
